PODS:
  - Flutter (1.0.0)
  - nfc_ftm (0.1.0):
    - Flutter

DEPENDENCIES:
  - Flutter (from `Flutter`)
  - nfc_ftm (from `.symlinks/plugins/nfc_ftm/ios`)

EXTERNAL SOURCES:
  Flutter:
    :path: Flutter
  nfc_ftm:
    :path: ".symlinks/plugins/nfc_ftm/ios"

SPEC CHECKSUMS:
  Flutter: cabc95a1d2626b1b06e7179b784ebcf0c0cde467
  nfc_ftm: ef0e6be427ad089cf830a947da6bb14b7d17b196

PODFILE CHECKSUM: d65bdd3b8da2710999e69cdbd93b50643a6b92ea

COCOAPODS: 1.16.2
