PODS:
  - Flutter (1.0.0)
  - nfc_ftm (0.0.1):
    - Flutter

DEPENDENCIES:
  - Flutter (from `Flutter`)
  - nfc_ftm (from `.symlinks/plugins/nfc_ftm/ios`)

EXTERNAL SOURCES:
  Flutter:
    :path: Flutter
  nfc_ftm:
    :path: ".symlinks/plugins/nfc_ftm/ios"

SPEC CHECKSUMS:
  Flutter: cabc95a1d2626b1b06e7179b784ebcf0c0cde467
  nfc_ftm: 67b0fcbf1b2489ff45547e637fd9b65d2f5a30f4

PODFILE CHECKSUM: 4f1c12611da7338d21589c0b2ecd6bd20b109694

COCOAPODS: 1.16.2
